
Microsoft Visual Studio Solution File, Format Version 12.00
# Visual Studio Version 17
VisualStudioVersion = 17.3.32825.248
MinimumVisualStudioVersion = 10.0.40219.1
Project("{888888A0-9F3D-457C-B088-3A5042F75D52}") = "Atividade-12-09", "Atividade-12-09\Atividade-12-09.pyproj", "{F0CEFBC7-9BD1-4262-9A7D-23838BD4FE07}"
EndProject
Global
	GlobalSection(SolutionConfigurationPlatforms) = preSolution
		Debug|Any CPU = Debug|Any CPU
		Release|Any CPU = Release|Any CPU
	EndGlobalSection
	GlobalSection(ProjectConfigurationPlatforms) = postSolution
		{F0CEFBC7-9BD1-4262-9A7D-23838BD4FE07}.Debug|Any CPU.ActiveCfg = Debug|Any CPU
		{F0CEFBC7-9BD1-4262-9A7D-23838BD4FE07}.Release|Any CPU.ActiveCfg = Release|Any CPU
	EndGlobalSection
	GlobalSection(SolutionProperties) = preSolution
		HideSolutionNode = FALSE
	EndGlobalSection
	GlobalSection(ExtensibilityGlobals) = postSolution
		SolutionGuid = {267EF08C-4A89-479D-BC7B-B9CA2FE8E8EE}
	EndGlobalSection
EndGlobal
